
Microsoft Visual Studio Solution File, Format Version 12.00
# Visual Studio Version 16
VisualStudioVersion = 16.0.30104.148
MinimumVisualStudioVersion = 10.0.40219.1
Project("{9A19103F-16F7-4668-BE54-9A1E7A4F7556}") = "Rsl.Interview.Api", "Rsl.Interview.Api.csproj", "{99127F4C-DC04-45A7-95EB-CF1415B0A9B5}"
EndProject
Project("{FAE04EC0-301F-11D3-BF4B-00C04F79EFBC}") = "Rsl.Service.Test", "..\Rsl.Service.Test\Rsl.Service.Test.csproj", "{C702A6F9-4DF7-43C9-90A1-4104CA6FC68A}"
EndProject
Global
	GlobalSection(SolutionConfigurationPlatforms) = preSolution
		Debug|Any CPU = Debug|Any CPU
		Release|Any CPU = Release|Any CPU
	EndGlobalSection
	GlobalSection(ProjectConfigurationPlatforms) = postSolution
		{99127F4C-DC04-45A7-95EB-CF1415B0A9B5}.Debug|Any CPU.ActiveCfg = Debug|Any CPU
		{99127F4C-DC04-45A7-95EB-CF1415B0A9B5}.Debug|Any CPU.Build.0 = Debug|Any CPU
		{99127F4C-DC04-45A7-95EB-CF1415B0A9B5}.Release|Any CPU.ActiveCfg = Release|Any CPU
		{99127F4C-DC04-45A7-95EB-CF1415B0A9B5}.Release|Any CPU.Build.0 = Release|Any CPU
		{C702A6F9-4DF7-43C9-90A1-4104CA6FC68A}.Debug|Any CPU.ActiveCfg = Debug|Any CPU
		{C702A6F9-4DF7-43C9-90A1-4104CA6FC68A}.Debug|Any CPU.Build.0 = Debug|Any CPU
		{C702A6F9-4DF7-43C9-90A1-4104CA6FC68A}.Release|Any CPU.ActiveCfg = Release|Any CPU
		{C702A6F9-4DF7-43C9-90A1-4104CA6FC68A}.Release|Any CPU.Build.0 = Release|Any CPU
	EndGlobalSection
	GlobalSection(SolutionProperties) = preSolution
		HideSolutionNode = FALSE
	EndGlobalSection
	GlobalSection(ExtensibilityGlobals) = postSolution
		SolutionGuid = {3C52A486-D825-4D50-8A19-07602560D461}
	EndGlobalSection
EndGlobal
